
Microsoft Visual Studio Solution File, Format Version 12.00
# Visual Studio Version 16
VisualStudioVersion = 16.0.29424.173
MinimumVisualStudioVersion = 10.0.40219.1
Project("{FAE04EC0-301F-11D3-BF4B-00C04F79EFBC}") = "301064861_(UchieOkoro)_Test1", "301064861_(UchieOkoro)_Test1\301064861_(UchieOkoro)_Test1.csproj", "{5DF61B15-96FF-4AF1-BD88-27A22BD51621}"
EndProject
Global
	GlobalSection(SolutionConfigurationPlatforms) = preSolution
		Debug|Any CPU = Debug|Any CPU
		Release|Any CPU = Release|Any CPU
	EndGlobalSection
	GlobalSection(ProjectConfigurationPlatforms) = postSolution
		{5DF61B15-96FF-4AF1-BD88-27A22BD51621}.Debug|Any CPU.ActiveCfg = Debug|Any CPU
		{5DF61B15-96FF-4AF1-BD88-27A22BD51621}.Debug|Any CPU.Build.0 = Debug|Any CPU
		{5DF61B15-96FF-4AF1-BD88-27A22BD51621}.Release|Any CPU.ActiveCfg = Release|Any CPU
		{5DF61B15-96FF-4AF1-BD88-27A22BD51621}.Release|Any CPU.Build.0 = Release|Any CPU
	EndGlobalSection
	GlobalSection(SolutionProperties) = preSolution
		HideSolutionNode = FALSE
	EndGlobalSection
	GlobalSection(ExtensibilityGlobals) = postSolution
		SolutionGuid = {7DC3278E-2F0A-401D-9087-CBCCB3BBE262}
	EndGlobalSection
EndGlobal
